// !$*UTF8*$!
{
	archiveVersion = 1;
	classes = {
	};
	objectVersion = 56;
	objects = {

/* Begin PBXBuildFile section */
		0980BEEF29B098BC00492775 /* GoogleLogin.swift in Sources */ = {isa = PBXBuildFile; fileRef = 0980BEEE29B098BC00492775 /* GoogleLogin.swift */; };
		0980BEF229B09AE900492775 /* FirebaseAuth in Frameworks */ = {isa = PBXBuildFile; productRef = 0980BEF129B09AE900492775 /* FirebaseAuth */; };
		0980BEF529B09B4B00492775 /* GoogleSignIn in Frameworks */ = {isa = PBXBuildFile; productRef = 0980BEF429B09B4B00492775 /* GoogleSignIn */; };
		0980BEF729B09B4B00492775 /* GoogleSignInSwift in Frameworks */ = {isa = PBXBuildFile; productRef = 0980BEF629B09B4B00492775 /* GoogleSignInSwift */; };
		09BD797B299A310A005F5ABC /* MoodPredictorIOSApp.swift in Sources */ = {isa = PBXBuildFile; fileRef = 09BD797A299A310A005F5ABC /* MoodPredictorIOSApp.swift */; };
		09BD797D299A310A005F5ABC /* ContentView.swift in Sources */ = {isa = PBXBuildFile; fileRef = 09BD797C299A310A005F5ABC /* ContentView.swift */; };
		09BD797F299A310C005F5ABC /* Assets.xcassets in Resources */ = {isa = PBXBuildFile; fileRef = 09BD797E299A310C005F5ABC /* Assets.xcassets */; };
		09BD7982299A310C005F5ABC /* Preview Assets.xcassets in Resources */ = {isa = PBXBuildFile; fileRef = 09BD7981299A310C005F5ABC /* Preview Assets.xcassets */; };
		09BD798C299A310C005F5ABC /* MoodPredictorIOSTests.swift in Sources */ = {isa = PBXBuildFile; fileRef = 09BD798B299A310C005F5ABC /* MoodPredictorIOSTests.swift */; };
		09BD7996299A310C005F5ABC /* MoodPredictorIOSUITests.swift in Sources */ = {isa = PBXBuildFile; fileRef = 09BD7995299A310C005F5ABC /* MoodPredictorIOSUITests.swift */; };
		09BD7998299A310C005F5ABC /* MoodPredictorIOSUITestsLaunchTests.swift in Sources */ = {isa = PBXBuildFile; fileRef = 09BD7997299A310C005F5ABC /* MoodPredictorIOSUITestsLaunchTests.swift */; };
		C50B5A7B29B0A9E1006BEBB7 /* HomeView.swift in Sources */ = {isa = PBXBuildFile; fileRef = C50B5A7A29B0A9E1006BEBB7 /* HomeView.swift */; };
		C50B5A7D29B0AAB5006BEBB7 /* CustomCameraView.swift in Sources */ = {isa = PBXBuildFile; fileRef = C50B5A7C29B0AAB5006BEBB7 /* CustomCameraView.swift */; };
		C5D6562A29B0A2F300178EE9 /* CameraView.swift in Sources */ = {isa = PBXBuildFile; fileRef = C5D6562929B0A2F300178EE9 /* CameraView.swift */; };
		C5D6563329B0A61400178EE9 /* CameraService.swift in Sources */ = {isa = PBXBuildFile; fileRef = C5D6563129B0A4B300178EE9 /* CameraService.swift */; };
/* End PBXBuildFile section */

/* Begin PBXContainerItemProxy section */
		09BD7988299A310C005F5ABC /* PBXContainerItemProxy */ = {
			isa = PBXContainerItemProxy;
			containerPortal = 09BD796F299A310A005F5ABC /* Project object */;
			proxyType = 1;
			remoteGlobalIDString = 09BD7976299A310A005F5ABC;
			remoteInfo = MoodPredictorIOS;
		};
		09BD7992299A310C005F5ABC /* PBXContainerItemProxy */ = {
			isa = PBXContainerItemProxy;
			containerPortal = 09BD796F299A310A005F5ABC /* Project object */;
			proxyType = 1;
			remoteGlobalIDString = 09BD7976299A310A005F5ABC;
			remoteInfo = MoodPredictorIOS;
		};
/* End PBXContainerItemProxy section */

/* Begin PBXFileReference section */
		0980BEEE29B098BC00492775 /* GoogleLogin.swift */ = {isa = PBXFileReference; lastKnownFileType = sourcecode.swift; path = GoogleLogin.swift; sourceTree = "<group>"; };
		09BD7977299A310A005F5ABC /* MoodPredictorIOS.app */ = {isa = PBXFileReference; explicitFileType = wrapper.application; includeInIndex = 0; path = MoodPredictorIOS.app; sourceTree = BUILT_PRODUCTS_DIR; };
		09BD797A299A310A005F5ABC /* MoodPredictorIOSApp.swift */ = {isa = PBXFileReference; lastKnownFileType = sourcecode.swift; path = MoodPredictorIOSApp.swift; sourceTree = "<group>"; };
		09BD797C299A310A005F5ABC /* ContentView.swift */ = {isa = PBXFileReference; lastKnownFileType = sourcecode.swift; path = ContentView.swift; sourceTree = "<group>"; };
		09BD797E299A310C005F5ABC /* Assets.xcassets */ = {isa = PBXFileReference; lastKnownFileType = folder.assetcatalog; path = Assets.xcassets; sourceTree = "<group>"; };
		09BD7981299A310C005F5ABC /* Preview Assets.xcassets */ = {isa = PBXFileReference; lastKnownFileType = folder.assetcatalog; path = "Preview Assets.xcassets"; sourceTree = "<group>"; };
		09BD7987299A310C005F5ABC /* MoodPredictorIOSTests.xctest */ = {isa = PBXFileReference; explicitFileType = wrapper.cfbundle; includeInIndex = 0; path = MoodPredictorIOSTests.xctest; sourceTree = BUILT_PRODUCTS_DIR; };
		09BD798B299A310C005F5ABC /* MoodPredictorIOSTests.swift */ = {isa = PBXFileReference; lastKnownFileType = sourcecode.swift; path = MoodPredictorIOSTests.swift; sourceTree = "<group>"; };
		09BD7991299A310C005F5ABC /* MoodPredictorIOSUITests.xctest */ = {isa = PBXFileReference; explicitFileType = wrapper.cfbundle; includeInIndex = 0; path = MoodPredictorIOSUITests.xctest; sourceTree = BUILT_PRODUCTS_DIR; };
		09BD7995299A310C005F5ABC /* MoodPredictorIOSUITests.swift */ = {isa = PBXFileReference; lastKnownFileType = sourcecode.swift; path = MoodPredictorIOSUITests.swift; sourceTree = "<group>"; };
		09BD7997299A310C005F5ABC /* MoodPredictorIOSUITestsLaunchTests.swift */ = {isa = PBXFileReference; lastKnownFileType = sourcecode.swift; path = MoodPredictorIOSUITestsLaunchTests.swift; sourceTree = "<group>"; };
		C50B5A7A29B0A9E1006BEBB7 /* HomeView.swift */ = {isa = PBXFileReference; lastKnownFileType = sourcecode.swift; path = HomeView.swift; sourceTree = "<group>"; };
		C50B5A7C29B0AAB5006BEBB7 /* CustomCameraView.swift */ = {isa = PBXFileReference; fileEncoding = 4; lastKnownFileType = sourcecode.swift; name = CustomCameraView.swift; path = "../../../../Prototype-AIMoodDetection-IOS/Prototype-AIMoodDetection-IOS/Prototype-AIMoodDetection-IOS/CustomCameraView.swift"; sourceTree = "<group>"; };
		C5D6562929B0A2F300178EE9 /* CameraView.swift */ = {isa = PBXFileReference; fileEncoding = 4; lastKnownFileType = sourcecode.swift; name = CameraView.swift; path = "../../../../Prototype-AIMoodDetection-IOS/Prototype-AIMoodDetection-IOS/Prototype-AIMoodDetection-IOS/CameraView.swift"; sourceTree = "<group>"; };
		C5D6563129B0A4B300178EE9 /* CameraService.swift */ = {isa = PBXFileReference; lastKnownFileType = sourcecode.swift; path = CameraService.swift; sourceTree = "<group>"; };
/* End PBXFileReference section */

/* Begin PBXFrameworksBuildPhase section */
		09BD7974299A310A005F5ABC /* Frameworks */ = {
			isa = PBXFrameworksBuildPhase;
			buildActionMask = 2147483647;
			files = (
				0980BEF729B09B4B00492775 /* GoogleSignInSwift in Frameworks */,
				0980BEF229B09AE900492775 /* FirebaseAuth in Frameworks */,
				0980BEF529B09B4B00492775 /* GoogleSignIn in Frameworks */,
			);
			runOnlyForDeploymentPostprocessing = 0;
		};
		09BD7984299A310C005F5ABC /* Frameworks */ = {
			isa = PBXFrameworksBuildPhase;
			buildActionMask = 2147483647;
			files = (
			);
			runOnlyForDeploymentPostprocessing = 0;
		};
		09BD798E299A310C005F5ABC /* Frameworks */ = {
			isa = PBXFrameworksBuildPhase;
			buildActionMask = 2147483647;
			files = (
			);
			runOnlyForDeploymentPostprocessing = 0;
		};
/* End PBXFrameworksBuildPhase section */

/* Begin PBXGroup section */
		0980BEED29B0989700492775 /* Components */ = {
			isa = PBXGroup;
			children = (
				0980BEEE29B098BC00492775 /* GoogleLogin.swift */,
			);
			path = Components;
			sourceTree = "<group>";
		};
		09BD796E299A310A005F5ABC = {
			isa = PBXGroup;
			children = (
				09BD7979299A310A005F5ABC /* MoodPredictorIOS */,
				09BD798A299A310C005F5ABC /* MoodPredictorIOSTests */,
				09BD7994299A310C005F5ABC /* MoodPredictorIOSUITests */,
				09BD7978299A310A005F5ABC /* Products */,
			);
			sourceTree = "<group>";
		};
		09BD7978299A310A005F5ABC /* Products */ = {
			isa = PBXGroup;
			children = (
				09BD7977299A310A005F5ABC /* MoodPredictorIOS.app */,
				09BD7987299A310C005F5ABC /* MoodPredictorIOSTests.xctest */,
				09BD7991299A310C005F5ABC /* MoodPredictorIOSUITests.xctest */,
			);
			name = Products;
			sourceTree = "<group>";
		};
		09BD7979299A310A005F5ABC /* MoodPredictorIOS */ = {
			isa = PBXGroup;
			children = (
				C5D6563029B0A4B200178EE9 /* Services */,
				C5D6562829B0A10800178EE9 /* Views */,
				0980BEED29B0989700492775 /* Components */,
				09BD797A299A310A005F5ABC /* MoodPredictorIOSApp.swift */,
				09BD797E299A310C005F5ABC /* Assets.xcassets */,
				09BD7980299A310C005F5ABC /* Preview Content */,
			);
			path = MoodPredictorIOS;
			sourceTree = "<group>";
		};
		09BD7980299A310C005F5ABC /* Preview Content */ = {
			isa = PBXGroup;
			children = (
				09BD7981299A310C005F5ABC /* Preview Assets.xcassets */,
			);
			path = "Preview Content";
			sourceTree = "<group>";
		};
		09BD798A299A310C005F5ABC /* MoodPredictorIOSTests */ = {
			isa = PBXGroup;
			children = (
				09BD798B299A310C005F5ABC /* MoodPredictorIOSTests.swift */,
			);
			path = MoodPredictorIOSTests;
			sourceTree = "<group>";
		};
		09BD7994299A310C005F5ABC /* MoodPredictorIOSUITests */ = {
			isa = PBXGroup;
			children = (
				09BD7995299A310C005F5ABC /* MoodPredictorIOSUITests.swift */,
				09BD7997299A310C005F5ABC /* MoodPredictorIOSUITestsLaunchTests.swift */,
			);
			path = MoodPredictorIOSUITests;
			sourceTree = "<group>";
		};
		C5D6562829B0A10800178EE9 /* Views */ = {
			isa = PBXGroup;
			children = (
				C50B5A7C29B0AAB5006BEBB7 /* CustomCameraView.swift */,
				C5D6562929B0A2F300178EE9 /* CameraView.swift */,
				09BD797C299A310A005F5ABC /* ContentView.swift */,
				C50B5A7A29B0A9E1006BEBB7 /* HomeView.swift */,
			);
			path = Views;
			sourceTree = "<group>";
		};
		C5D6563029B0A4B200178EE9 /* Services */ = {
			isa = PBXGroup;
			children = (
				C5D6563129B0A4B300178EE9 /* CameraService.swift */,
			);
			path = Services;
			sourceTree = "<group>";
		};
/* End PBXGroup section */

/* Begin PBXNativeTarget section */
		09BD7976299A310A005F5ABC /* MoodPredictorIOS */ = {
			isa = PBXNativeTarget;
			buildConfigurationList = 09BD799B299A310C005F5ABC /* Build configuration list for PBXNativeTarget "MoodPredictorIOS" */;
			buildPhases = (
				09BD7973299A310A005F5ABC /* Sources */,
				09BD7974299A310A005F5ABC /* Frameworks */,
				09BD7975299A310A005F5ABC /* Resources */,
			);
			buildRules = (
			);
			dependencies = (
			);
			name = MoodPredictorIOS;
			packageProductDependencies = (
				0980BEF129B09AE900492775 /* FirebaseAuth */,
				0980BEF429B09B4B00492775 /* GoogleSignIn */,
				0980BEF629B09B4B00492775 /* GoogleSignInSwift */,
			);
			productName = MoodPredictorIOS;
			productReference = 09BD7977299A310A005F5ABC /* MoodPredictorIOS.app */;
			productType = "com.apple.product-type.application";
		};
		09BD7986299A310C005F5ABC /* MoodPredictorIOSTests */ = {
			isa = PBXNativeTarget;
			buildConfigurationList = 09BD799E299A310C005F5ABC /* Build configuration list for PBXNativeTarget "MoodPredictorIOSTests" */;
			buildPhases = (
				09BD7983299A310C005F5ABC /* Sources */,
				09BD7984299A310C005F5ABC /* Frameworks */,
				09BD7985299A310C005F5ABC /* Resources */,
			);
			buildRules = (
			);
			dependencies = (
				09BD7989299A310C005F5ABC /* PBXTargetDependency */,
			);
			name = MoodPredictorIOSTests;
			productName = MoodPredictorIOSTests;
			productReference = 09BD7987299A310C005F5ABC /* MoodPredictorIOSTests.xctest */;
			productType = "com.apple.product-type.bundle.unit-test";
		};
		09BD7990299A310C005F5ABC /* MoodPredictorIOSUITests */ = {
			isa = PBXNativeTarget;
			buildConfigurationList = 09BD79A1299A310C005F5ABC /* Build configuration list for PBXNativeTarget "MoodPredictorIOSUITests" */;
			buildPhases = (
				09BD798D299A310C005F5ABC /* Sources */,
				09BD798E299A310C005F5ABC /* Frameworks */,
				09BD798F299A310C005F5ABC /* Resources */,
			);
			buildRules = (
			);
			dependencies = (
				09BD7993299A310C005F5ABC /* PBXTargetDependency */,
			);
			name = MoodPredictorIOSUITests;
			productName = MoodPredictorIOSUITests;
			productReference = 09BD7991299A310C005F5ABC /* MoodPredictorIOSUITests.xctest */;
			productType = "com.apple.product-type.bundle.ui-testing";
		};
/* End PBXNativeTarget section */

/* Begin PBXProject section */
		09BD796F299A310A005F5ABC /* Project object */ = {
			isa = PBXProject;
			attributes = {
				BuildIndependentTargetsInParallel = 1;
				LastSwiftUpdateCheck = 1420;
				LastUpgradeCheck = 1420;
				TargetAttributes = {
					09BD7976299A310A005F5ABC = {
						CreatedOnToolsVersion = 14.2;
					};
					09BD7986299A310C005F5ABC = {
						CreatedOnToolsVersion = 14.2;
						TestTargetID = 09BD7976299A310A005F5ABC;
					};
					09BD7990299A310C005F5ABC = {
						CreatedOnToolsVersion = 14.2;
						TestTargetID = 09BD7976299A310A005F5ABC;
					};
				};
			};
			buildConfigurationList = 09BD7972299A310A005F5ABC /* Build configuration list for PBXProject "MoodPredictorIOS" */;
			compatibilityVersion = "Xcode 14.0";
			developmentRegion = en;
			hasScannedForEncodings = 0;
			knownRegions = (
				en,
				Base,
			);
			mainGroup = 09BD796E299A310A005F5ABC;
			packageReferences = (
				0980BEF029B09AE900492775 /* XCRemoteSwiftPackageReference "firebase-ios-sdk" */,
				0980BEF329B09B4B00492775 /* XCRemoteSwiftPackageReference "GoogleSignIn-iOS" */,
			);
			productRefGroup = 09BD7978299A310A005F5ABC /* Products */;
			projectDirPath = "";
			projectRoot = "";
			targets = (
				09BD7976299A310A005F5ABC /* MoodPredictorIOS */,
				09BD7986299A310C005F5ABC /* MoodPredictorIOSTests */,
				09BD7990299A310C005F5ABC /* MoodPredictorIOSUITests */,
			);
		};
/* End PBXProject section */

/* Begin PBXResourcesBuildPhase section */
		09BD7975299A310A005F5ABC /* Resources */ = {
			isa = PBXResourcesBuildPhase;
			buildActionMask = 2147483647;
			files = (
				09BD7982299A310C005F5ABC /* Preview Assets.xcassets in Resources */,
				09BD797F299A310C005F5ABC /* Assets.xcassets in Resources */,
			);
			runOnlyForDeploymentPostprocessing = 0;
		};
		09BD7985299A310C005F5ABC /* Resources */ = {
			isa = PBXResourcesBuildPhase;
			buildActionMask = 2147483647;
			files = (
			);
			runOnlyForDeploymentPostprocessing = 0;
		};
		09BD798F299A310C005F5ABC /* Resources */ = {
			isa = PBXResourcesBuildPhase;
			buildActionMask = 2147483647;
			files = (
			);
			runOnlyForDeploymentPostprocessing = 0;
		};
/* End PBXResourcesBuildPhase section */

/* Begin PBXSourcesBuildPhase section */
		09BD7973299A310A005F5ABC /* Sources */ = {
			isa = PBXSourcesBuildPhase;
			buildActionMask = 2147483647;
			files = (
				C5D6563329B0A61400178EE9 /* CameraService.swift in Sources */,
				09BD797D299A310A005F5ABC /* ContentView.swift in Sources */,
				09BD797B299A310A005F5ABC /* MoodPredictorIOSApp.swift in Sources */,
				C50B5A7B29B0A9E1006BEBB7 /* HomeView.swift in Sources */,
				0980BEEF29B098BC00492775 /* GoogleLogin.swift in Sources */,
				C5D6562A29B0A2F300178EE9 /* CameraView.swift in Sources */,
				C50B5A7D29B0AAB5006BEBB7 /* CustomCameraView.swift in Sources */,
			);
			runOnlyForDeploymentPostprocessing = 0;
		};
		09BD7983299A310C005F5ABC /* Sources */ = {
			isa = PBXSourcesBuildPhase;
			buildActionMask = 2147483647;
			files = (
				09BD798C299A310C005F5ABC /* MoodPredictorIOSTests.swift in Sources */,
			);
			runOnlyForDeploymentPostprocessing = 0;
		};
		09BD798D299A310C005F5ABC /* Sources */ = {
			isa = PBXSourcesBuildPhase;
			buildActionMask = 2147483647;
			files = (
				09BD7998299A310C005F5ABC /* MoodPredictorIOSUITestsLaunchTests.swift in Sources */,
				09BD7996299A310C005F5ABC /* MoodPredictorIOSUITests.swift in Sources */,
			);
			runOnlyForDeploymentPostprocessing = 0;
		};
/* End PBXSourcesBuildPhase section */

/* Begin PBXTargetDependency section */
		09BD7989299A310C005F5ABC /* PBXTargetDependency */ = {
			isa = PBXTargetDependency;
			target = 09BD7976299A310A005F5ABC /* MoodPredictorIOS */;
			targetProxy = 09BD7988299A310C005F5ABC /* PBXContainerItemProxy */;
		};
		09BD7993299A310C005F5ABC /* PBXTargetDependency */ = {
			isa = PBXTargetDependency;
			target = 09BD7976299A310A005F5ABC /* MoodPredictorIOS */;
			targetProxy = 09BD7992299A310C005F5ABC /* PBXContainerItemProxy */;
		};
/* End PBXTargetDependency section */

/* Begin XCBuildConfiguration section */
		09BD7999299A310C005F5ABC /* Debug */ = {
			isa = XCBuildConfiguration;
			buildSettings = {
				ALWAYS_SEARCH_USER_PATHS = NO;
				CLANG_ANALYZER_NONNULL = YES;
				CLANG_ANALYZER_NUMBER_OBJECT_CONVERSION = YES_AGGRESSIVE;
				CLANG_CXX_LANGUAGE_STANDARD = "gnu++20";
				CLANG_ENABLE_MODULES = YES;
				CLANG_ENABLE_OBJC_ARC = YES;
				CLANG_ENABLE_OBJC_WEAK = YES;
				CLANG_WARN_BLOCK_CAPTURE_AUTORELEASING = YES;
				CLANG_WARN_BOOL_CONVERSION = YES;
				CLANG_WARN_COMMA = YES;
				CLANG_WARN_CONSTANT_CONVERSION = YES;
				CLANG_WARN_DEPRECATED_OBJC_IMPLEMENTATIONS = YES;
				CLANG_WARN_DIRECT_OBJC_ISA_USAGE = YES_ERROR;
				CLANG_WARN_DOCUMENTATION_COMMENTS = YES;
				CLANG_WARN_EMPTY_BODY = YES;
				CLANG_WARN_ENUM_CONVERSION = YES;
				CLANG_WARN_INFINITE_RECURSION = YES;
				CLANG_WARN_INT_CONVERSION = YES;
				CLANG_WARN_NON_LITERAL_NULL_CONVERSION = YES;
				CLANG_WARN_OBJC_IMPLICIT_RETAIN_SELF = YES;
				CLANG_WARN_OBJC_LITERAL_CONVERSION = YES;
				CLANG_WARN_OBJC_ROOT_CLASS = YES_ERROR;
				CLANG_WARN_QUOTED_INCLUDE_IN_FRAMEWORK_HEADER = YES;
				CLANG_WARN_RANGE_LOOP_ANALYSIS = YES;
				CLANG_WARN_STRICT_PROTOTYPES = YES;
				CLANG_WARN_SUSPICIOUS_MOVE = YES;
				CLANG_WARN_UNGUARDED_AVAILABILITY = YES_AGGRESSIVE;
				CLANG_WARN_UNREACHABLE_CODE = YES;
				CLANG_WARN__DUPLICATE_METHOD_MATCH = YES;
				COPY_PHASE_STRIP = NO;
				DEBUG_INFORMATION_FORMAT = dwarf;
				ENABLE_STRICT_OBJC_MSGSEND = YES;
				ENABLE_TESTABILITY = YES;
				GCC_C_LANGUAGE_STANDARD = gnu11;
				GCC_DYNAMIC_NO_PIC = NO;
				GCC_NO_COMMON_BLOCKS = YES;
				GCC_OPTIMIZATION_LEVEL = 0;
				GCC_PREPROCESSOR_DEFINITIONS = (
					"DEBUG=1",
					"$(inherited)",
				);
				GCC_WARN_64_TO_32_BIT_CONVERSION = YES;
				GCC_WARN_ABOUT_RETURN_TYPE = YES_ERROR;
				GCC_WARN_UNDECLARED_SELECTOR = YES;
				GCC_WARN_UNINITIALIZED_AUTOS = YES_AGGRESSIVE;
				GCC_WARN_UNUSED_FUNCTION = YES;
				GCC_WARN_UNUSED_VARIABLE = YES;
				IPHONEOS_DEPLOYMENT_TARGET = 16.2;
				MTL_ENABLE_DEBUG_INFO = INCLUDE_SOURCE;
				MTL_FAST_MATH = YES;
				ONLY_ACTIVE_ARCH = YES;
				SDKROOT = iphoneos;
				SWIFT_ACTIVE_COMPILATION_CONDITIONS = DEBUG;
				SWIFT_OPTIMIZATION_LEVEL = "-Onone";
			};
			name = Debug;
		};
		09BD799A299A310C005F5ABC /* Release */ = {
			isa = XCBuildConfiguration;
			buildSettings = {
				ALWAYS_SEARCH_USER_PATHS = NO;
				CLANG_ANALYZER_NONNULL = YES;
				CLANG_ANALYZER_NUMBER_OBJECT_CONVERSION = YES_AGGRESSIVE;
				CLANG_CXX_LANGUAGE_STANDARD = "gnu++20";
				CLANG_ENABLE_MODULES = YES;
				CLANG_ENABLE_OBJC_ARC = YES;
				CLANG_ENABLE_OBJC_WEAK = YES;
				CLANG_WARN_BLOCK_CAPTURE_AUTORELEASING = YES;
				CLANG_WARN_BOOL_CONVERSION = YES;
				CLANG_WARN_COMMA = YES;
				CLANG_WARN_CONSTANT_CONVERSION = YES;
				CLANG_WARN_DEPRECATED_OBJC_IMPLEMENTATIONS = YES;
				CLANG_WARN_DIRECT_OBJC_ISA_USAGE = YES_ERROR;
				CLANG_WARN_DOCUMENTATION_COMMENTS = YES;
				CLANG_WARN_EMPTY_BODY = YES;
				CLANG_WARN_ENUM_CONVERSION = YES;
				CLANG_WARN_INFINITE_RECURSION = YES;
				CLANG_WARN_INT_CONVERSION = YES;
				CLANG_WARN_NON_LITERAL_NULL_CONVERSION = YES;
				CLANG_WARN_OBJC_IMPLICIT_RETAIN_SELF = YES;
				CLANG_WARN_OBJC_LITERAL_CONVERSION = YES;
				CLANG_WARN_OBJC_ROOT_CLASS = YES_ERROR;
				CLANG_WARN_QUOTED_INCLUDE_IN_FRAMEWORK_HEADER = YES;
				CLANG_WARN_RANGE_LOOP_ANALYSIS = YES;
				CLANG_WARN_STRICT_PROTOTYPES = YES;
				CLANG_WARN_SUSPICIOUS_MOVE = YES;
				CLANG_WARN_UNGUARDED_AVAILABILITY = YES_AGGRESSIVE;
				CLANG_WARN_UNREACHABLE_CODE = YES;
				CLANG_WARN__DUPLICATE_METHOD_MATCH = YES;
				COPY_PHASE_STRIP = NO;
				DEBUG_INFORMATION_FORMAT = "dwarf-with-dsym";
				ENABLE_NS_ASSERTIONS = NO;
				ENABLE_STRICT_OBJC_MSGSEND = YES;
				GCC_C_LANGUAGE_STANDARD = gnu11;
				GCC_NO_COMMON_BLOCKS = YES;
				GCC_WARN_64_TO_32_BIT_CONVERSION = YES;
				GCC_WARN_ABOUT_RETURN_TYPE = YES_ERROR;
				GCC_WARN_UNDECLARED_SELECTOR = YES;
				GCC_WARN_UNINITIALIZED_AUTOS = YES_AGGRESSIVE;
				GCC_WARN_UNUSED_FUNCTION = YES;
				GCC_WARN_UNUSED_VARIABLE = YES;
				IPHONEOS_DEPLOYMENT_TARGET = 16.2;
				MTL_ENABLE_DEBUG_INFO = NO;
				MTL_FAST_MATH = YES;
				SDKROOT = iphoneos;
				SWIFT_COMPILATION_MODE = wholemodule;
				SWIFT_OPTIMIZATION_LEVEL = "-O";
				VALIDATE_PRODUCT = YES;
			};
			name = Release;
		};
		09BD799C299A310C005F5ABC /* Debug */ = {
			isa = XCBuildConfiguration;
			buildSettings = {
				ASSETCATALOG_COMPILER_APPICON_NAME = AppIcon;
				ASSETCATALOG_COMPILER_GLOBAL_ACCENT_COLOR_NAME = AccentColor;
				CODE_SIGN_STYLE = Automatic;
				CURRENT_PROJECT_VERSION = 1;
				DEVELOPMENT_ASSET_PATHS = "\"MoodPredictorIOS/Preview Content\"";
				DEVELOPMENT_TEAM = M89JG7A6CN;
				ENABLE_PREVIEWS = YES;
				GENERATE_INFOPLIST_FILE = YES;
				INFOPLIST_KEY_NSCameraUsageDescription = "Need to use camera";
				INFOPLIST_KEY_UIApplicationSceneManifest_Generation = YES;
				INFOPLIST_KEY_UIApplicationSupportsIndirectInputEvents = YES;
				INFOPLIST_KEY_UILaunchScreen_Generation = YES;
				INFOPLIST_KEY_UISupportedInterfaceOrientations_iPad = "UIInterfaceOrientationPortrait UIInterfaceOrientationPortraitUpsideDown UIInterfaceOrientationLandscapeLeft UIInterfaceOrientationLandscapeRight";
				INFOPLIST_KEY_UISupportedInterfaceOrientations_iPhone = "UIInterfaceOrientationPortrait UIInterfaceOrientationLandscapeLeft UIInterfaceOrientationLandscapeRight";
				LD_RUNPATH_SEARCH_PATHS = (
					"$(inherited)",
					"@executable_path/Frameworks",
				);
				MARKETING_VERSION = 1.0;
				PRODUCT_BUNDLE_IDENTIFIER = "S4-Breno.MoodPredictorIOS";
				PRODUCT_NAME = "$(TARGET_NAME)";
				SWIFT_EMIT_LOC_STRINGS = YES;
				SWIFT_VERSION = 5.0;
				TARGETED_DEVICE_FAMILY = "1,2";
			};
			name = Debug;
		};
		09BD799D299A310C005F5ABC /* Release */ = {
			isa = XCBuildConfiguration;
			buildSettings = {
				ASSETCATALOG_COMPILER_APPICON_NAME = AppIcon;
				ASSETCATALOG_COMPILER_GLOBAL_ACCENT_COLOR_NAME = AccentColor;
				CODE_SIGN_STYLE = Automatic;
				CURRENT_PROJECT_VERSION = 1;
				DEVELOPMENT_ASSET_PATHS = "\"MoodPredictorIOS/Preview Content\"";
				DEVELOPMENT_TEAM = M89JG7A6CN;
				ENABLE_PREVIEWS = YES;
				GENERATE_INFOPLIST_FILE = YES;
				INFOPLIST_KEY_NSCameraUsageDescription = "Need to use camera";
				INFOPLIST_KEY_UIApplicationSceneManifest_Generation = YES;
				INFOPLIST_KEY_UIApplicationSupportsIndirectInputEvents = YES;
				INFOPLIST_KEY_UILaunchScreen_Generation = YES;
				INFOPLIST_KEY_UISupportedInterfaceOrientations_iPad = "UIInterfaceOrientationPortrait UIInterfaceOrientationPortraitUpsideDown UIInterfaceOrientationLandscapeLeft UIInterfaceOrientationLandscapeRight";
				INFOPLIST_KEY_UISupportedInterfaceOrientations_iPhone = "UIInterfaceOrientationPortrait UIInterfaceOrientationLandscapeLeft UIInterfaceOrientationLandscapeRight";
				LD_RUNPATH_SEARCH_PATHS = (
					"$(inherited)",
					"@executable_path/Frameworks",
				);
				MARKETING_VERSION = 1.0;
				PRODUCT_BUNDLE_IDENTIFIER = "S4-Breno.MoodPredictorIOS";
				PRODUCT_NAME = "$(TARGET_NAME)";
				SWIFT_EMIT_LOC_STRINGS = YES;
				SWIFT_VERSION = 5.0;
				TARGETED_DEVICE_FAMILY = "1,2";
			};
			name = Release;
		};
		09BD799F299A310C005F5ABC /* Debug */ = {
			isa = XCBuildConfiguration;
			buildSettings = {
				ALWAYS_EMBED_SWIFT_STANDARD_LIBRARIES = YES;
				BUNDLE_LOADER = "$(TEST_HOST)";
				CODE_SIGN_STYLE = Automatic;
				CURRENT_PROJECT_VERSION = 1;
				GENERATE_INFOPLIST_FILE = YES;
				IPHONEOS_DEPLOYMENT_TARGET = 16.2;
				MARKETING_VERSION = 1.0;
				PRODUCT_BUNDLE_IDENTIFIER = "S4-Breno.MoodPredictorIOSTests";
				PRODUCT_NAME = "$(TARGET_NAME)";
				SWIFT_EMIT_LOC_STRINGS = NO;
				SWIFT_VERSION = 5.0;
				TARGETED_DEVICE_FAMILY = "1,2";
				TEST_HOST = "$(BUILT_PRODUCTS_DIR)/MoodPredictorIOS.app/$(BUNDLE_EXECUTABLE_FOLDER_PATH)/MoodPredictorIOS";
			};
			name = Debug;
		};
		09BD79A0299A310C005F5ABC /* Release */ = {
			isa = XCBuildConfiguration;
			buildSettings = {
				ALWAYS_EMBED_SWIFT_STANDARD_LIBRARIES = YES;
				BUNDLE_LOADER = "$(TEST_HOST)";
				CODE_SIGN_STYLE = Automatic;
				CURRENT_PROJECT_VERSION = 1;
				GENERATE_INFOPLIST_FILE = YES;
				IPHONEOS_DEPLOYMENT_TARGET = 16.2;
				MARKETING_VERSION = 1.0;
				PRODUCT_BUNDLE_IDENTIFIER = "S4-Breno.MoodPredictorIOSTests";
				PRODUCT_NAME = "$(TARGET_NAME)";
				SWIFT_EMIT_LOC_STRINGS = NO;
				SWIFT_VERSION = 5.0;
				TARGETED_DEVICE_FAMILY = "1,2";
				TEST_HOST = "$(BUILT_PRODUCTS_DIR)/MoodPredictorIOS.app/$(BUNDLE_EXECUTABLE_FOLDER_PATH)/MoodPredictorIOS";
			};
			name = Release;
		};
		09BD79A2299A310C005F5ABC /* Debug */ = {
			isa = XCBuildConfiguration;
			buildSettings = {
				ALWAYS_EMBED_SWIFT_STANDARD_LIBRARIES = YES;
				CODE_SIGN_STYLE = Automatic;
				CURRENT_PROJECT_VERSION = 1;
				GENERATE_INFOPLIST_FILE = YES;
				MARKETING_VERSION = 1.0;
				PRODUCT_BUNDLE_IDENTIFIER = "S4-Breno.MoodPredictorIOSUITests";
				PRODUCT_NAME = "$(TARGET_NAME)";
				SWIFT_EMIT_LOC_STRINGS = NO;
				SWIFT_VERSION = 5.0;
				TARGETED_DEVICE_FAMILY = "1,2";
				TEST_TARGET_NAME = MoodPredictorIOS;
			};
			name = Debug;
		};
		09BD79A3299A310C005F5ABC /* Release */ = {
			isa = XCBuildConfiguration;
			buildSettings = {
				ALWAYS_EMBED_SWIFT_STANDARD_LIBRARIES = YES;
				CODE_SIGN_STYLE = Automatic;
				CURRENT_PROJECT_VERSION = 1;
				GENERATE_INFOPLIST_FILE = YES;
				MARKETING_VERSION = 1.0;
				PRODUCT_BUNDLE_IDENTIFIER = "S4-Breno.MoodPredictorIOSUITests";
				PRODUCT_NAME = "$(TARGET_NAME)";
				SWIFT_EMIT_LOC_STRINGS = NO;
				SWIFT_VERSION = 5.0;
				TARGETED_DEVICE_FAMILY = "1,2";
				TEST_TARGET_NAME = MoodPredictorIOS;
			};
			name = Release;
		};
/* End XCBuildConfiguration section */

/* Begin XCConfigurationList section */
		09BD7972299A310A005F5ABC /* Build configuration list for PBXProject "MoodPredictorIOS" */ = {
			isa = XCConfigurationList;
			buildConfigurations = (
				09BD7999299A310C005F5ABC /* Debug */,
				09BD799A299A310C005F5ABC /* Release */,
			);
			defaultConfigurationIsVisible = 0;
			defaultConfigurationName = Release;
		};
		09BD799B299A310C005F5ABC /* Build configuration list for PBXNativeTarget "MoodPredictorIOS" */ = {
			isa = XCConfigurationList;
			buildConfigurations = (
				09BD799C299A310C005F5ABC /* Debug */,
				09BD799D299A310C005F5ABC /* Release */,
			);
			defaultConfigurationIsVisible = 0;
			defaultConfigurationName = Release;
		};
		09BD799E299A310C005F5ABC /* Build configuration list for PBXNativeTarget "MoodPredictorIOSTests" */ = {
			isa = XCConfigurationList;
			buildConfigurations = (
				09BD799F299A310C005F5ABC /* Debug */,
				09BD79A0299A310C005F5ABC /* Release */,
			);
			defaultConfigurationIsVisible = 0;
			defaultConfigurationName = Release;
		};
		09BD79A1299A310C005F5ABC /* Build configuration list for PBXNativeTarget "MoodPredictorIOSUITests" */ = {
			isa = XCConfigurationList;
			buildConfigurations = (
				09BD79A2299A310C005F5ABC /* Debug */,
				09BD79A3299A310C005F5ABC /* Release */,
			);
			defaultConfigurationIsVisible = 0;
			defaultConfigurationName = Release;
		};
/* End XCConfigurationList section */

/* Begin XCRemoteSwiftPackageReference section */
		0980BEF029B09AE900492775 /* XCRemoteSwiftPackageReference "firebase-ios-sdk" */ = {
			isa = XCRemoteSwiftPackageReference;
			repositoryURL = "https://github.com/firebase/firebase-ios-sdk";
			requirement = {
				kind = upToNextMajorVersion;
				minimumVersion = 9.0.0;
			};
		};
		0980BEF329B09B4B00492775 /* XCRemoteSwiftPackageReference "GoogleSignIn-iOS" */ = {
			isa = XCRemoteSwiftPackageReference;
			repositoryURL = "https://github.com/google/GoogleSignIn-iOS";
			requirement = {
				kind = upToNextMajorVersion;
				minimumVersion = 7.0.0;
			};
		};
/* End XCRemoteSwiftPackageReference section */

/* Begin XCSwiftPackageProductDependency section */
		0980BEF129B09AE900492775 /* FirebaseAuth */ = {
			isa = XCSwiftPackageProductDependency;
			package = 0980BEF029B09AE900492775 /* XCRemoteSwiftPackageReference "firebase-ios-sdk" */;
			productName = FirebaseAuth;
		};
		0980BEF429B09B4B00492775 /* GoogleSignIn */ = {
			isa = XCSwiftPackageProductDependency;
			package = 0980BEF329B09B4B00492775 /* XCRemoteSwiftPackageReference "GoogleSignIn-iOS" */;
			productName = GoogleSignIn;
		};
		0980BEF629B09B4B00492775 /* GoogleSignInSwift */ = {
			isa = XCSwiftPackageProductDependency;
			package = 0980BEF329B09B4B00492775 /* XCRemoteSwiftPackageReference "GoogleSignIn-iOS" */;
			productName = GoogleSignInSwift;
		};
/* End XCSwiftPackageProductDependency section */
	};
	rootObject = 09BD796F299A310A005F5ABC /* Project object */;
}
